
Microsoft Visual Studio Solution File, Format Version 12.00
# Visual Studio Version 17
VisualStudioVersion = 17.9.34723.18
MinimumVisualStudioVersion = 10.0.40219.1
Project("{9A19103F-16F7-4668-BE54-9A1E7A4F7556}") = "ConsoleApp.OutputDemo", "ConsoleApp.OutputDemo\ConsoleApp.OutputDemo.csproj", "{C8D32A05-10EC-4E40-88AD-99509B50416C}"
EndProject
Project("{9A19103F-16F7-4668-BE54-9A1E7A4F7556}") = "ConsoleApp.VariablesDemo", "ConsoleApp.VariablesDemo\ConsoleApp.VariablesDemo.csproj", "{6794BA5F-661F-495A-8588-1568F49A95EE}"
EndProject
Project("{9A19103F-16F7-4668-BE54-9A1E7A4F7556}") = "ConsoleApp.UserInputDemo", "ConsoleApp.UserInputDemo\ConsoleApp.UserInputDemo.csproj", "{D384BCE2-C4ED-404D-B397-030ED614685C}"
EndProject
Project("{9A19103F-16F7-4668-BE54-9A1E7A4F7556}") = "ConsoleApp.Operators", "ConsoleApp.Operators\ConsoleApp.Operators.csproj", "{22B26913-0944-4A09-8ED1-AB887F450C1D}"
EndProject
Project("{9A19103F-16F7-4668-BE54-9A1E7A4F7556}") = "ConsoleApp.ConditionsAndDecisions", "ConsoleApp.ConditionsAndDecisions\ConsoleApp.ConditionsAndDecisions.csproj", "{614F00DA-EDDD-4EAF-893B-89F05F59CF98}"
EndProject
Project("{FAE04EC0-301F-11D3-BF4B-00C04F79EFBC}") = "ConsoleApp.SampleCalculator", "ConsoleApp.SampleCalculator\ConsoleApp.SampleCalculator.csproj", "{D99C6C00-6FF5-4149-8CC5-9898B7C97EF1}"
EndProject
Project("{FAE04EC0-301F-11D3-BF4B-00C04F79EFBC}") = "ConsoleApp.Loops", "ConsoleApp.Loops\ConsoleApp.Loops.csproj", "{92616FFA-4D35-46D5-BD2A-1FCCDA2C5AAB}"
EndProject
Project("{FAE04EC0-301F-11D3-BF4B-00C04F79EFBC}") = "ConsoleApp.ExceptionHandlingDemo", "ConsoleApp.ExceptionHandlingDemo\ConsoleApp.ExceptionHandlingDemo.csproj", "{3B766340-C3A5-4FEC-8139-F111FE039A96}"
EndProject
Global
	GlobalSection(SolutionConfigurationPlatforms) = preSolution
		Debug|Any CPU = Debug|Any CPU
		Release|Any CPU = Release|Any CPU
	EndGlobalSection
	GlobalSection(ProjectConfigurationPlatforms) = postSolution
		{C8D32A05-10EC-4E40-88AD-99509B50416C}.Debug|Any CPU.ActiveCfg = Debug|Any CPU
		{C8D32A05-10EC-4E40-88AD-99509B50416C}.Debug|Any CPU.Build.0 = Debug|Any CPU
		{C8D32A05-10EC-4E40-88AD-99509B50416C}.Release|Any CPU.ActiveCfg = Release|Any CPU
		{C8D32A05-10EC-4E40-88AD-99509B50416C}.Release|Any CPU.Build.0 = Release|Any CPU
		{6794BA5F-661F-495A-8588-1568F49A95EE}.Debug|Any CPU.ActiveCfg = Debug|Any CPU
		{6794BA5F-661F-495A-8588-1568F49A95EE}.Debug|Any CPU.Build.0 = Debug|Any CPU
		{6794BA5F-661F-495A-8588-1568F49A95EE}.Release|Any CPU.ActiveCfg = Release|Any CPU
		{6794BA5F-661F-495A-8588-1568F49A95EE}.Release|Any CPU.Build.0 = Release|Any CPU
		{D384BCE2-C4ED-404D-B397-030ED614685C}.Debug|Any CPU.ActiveCfg = Debug|Any CPU
		{D384BCE2-C4ED-404D-B397-030ED614685C}.Debug|Any CPU.Build.0 = Debug|Any CPU
		{D384BCE2-C4ED-404D-B397-030ED614685C}.Release|Any CPU.ActiveCfg = Release|Any CPU
		{D384BCE2-C4ED-404D-B397-030ED614685C}.Release|Any CPU.Build.0 = Release|Any CPU
		{22B26913-0944-4A09-8ED1-AB887F450C1D}.Debug|Any CPU.ActiveCfg = Debug|Any CPU
		{22B26913-0944-4A09-8ED1-AB887F450C1D}.Debug|Any CPU.Build.0 = Debug|Any CPU
		{22B26913-0944-4A09-8ED1-AB887F450C1D}.Release|Any CPU.ActiveCfg = Release|Any CPU
		{22B26913-0944-4A09-8ED1-AB887F450C1D}.Release|Any CPU.Build.0 = Release|Any CPU
		{614F00DA-EDDD-4EAF-893B-89F05F59CF98}.Debug|Any CPU.ActiveCfg = Debug|Any CPU
		{614F00DA-EDDD-4EAF-893B-89F05F59CF98}.Debug|Any CPU.Build.0 = Debug|Any CPU
		{614F00DA-EDDD-4EAF-893B-89F05F59CF98}.Release|Any CPU.ActiveCfg = Release|Any CPU
		{614F00DA-EDDD-4EAF-893B-89F05F59CF98}.Release|Any CPU.Build.0 = Release|Any CPU
		{D99C6C00-6FF5-4149-8CC5-9898B7C97EF1}.Debug|Any CPU.ActiveCfg = Debug|Any CPU
		{D99C6C00-6FF5-4149-8CC5-9898B7C97EF1}.Debug|Any CPU.Build.0 = Debug|Any CPU
		{D99C6C00-6FF5-4149-8CC5-9898B7C97EF1}.Release|Any CPU.ActiveCfg = Release|Any CPU
		{D99C6C00-6FF5-4149-8CC5-9898B7C97EF1}.Release|Any CPU.Build.0 = Release|Any CPU
		{92616FFA-4D35-46D5-BD2A-1FCCDA2C5AAB}.Debug|Any CPU.ActiveCfg = Debug|Any CPU
		{92616FFA-4D35-46D5-BD2A-1FCCDA2C5AAB}.Debug|Any CPU.Build.0 = Debug|Any CPU
		{92616FFA-4D35-46D5-BD2A-1FCCDA2C5AAB}.Release|Any CPU.ActiveCfg = Release|Any CPU
		{92616FFA-4D35-46D5-BD2A-1FCCDA2C5AAB}.Release|Any CPU.Build.0 = Release|Any CPU
		{3B766340-C3A5-4FEC-8139-F111FE039A96}.Debug|Any CPU.ActiveCfg = Debug|Any CPU
		{3B766340-C3A5-4FEC-8139-F111FE039A96}.Debug|Any CPU.Build.0 = Debug|Any CPU
		{3B766340-C3A5-4FEC-8139-F111FE039A96}.Release|Any CPU.ActiveCfg = Release|Any CPU
		{3B766340-C3A5-4FEC-8139-F111FE039A96}.Release|Any CPU.Build.0 = Release|Any CPU
	EndGlobalSection
	GlobalSection(SolutionProperties) = preSolution
		HideSolutionNode = FALSE
	EndGlobalSection
	GlobalSection(ExtensibilityGlobals) = postSolution
		SolutionGuid = {4F833825-6EE4-40D7-9288-8F0E5DDDCA7A}
	EndGlobalSection
EndGlobal
